{
  "name": "nextrocket.space",
  "version": "1.0.0",
  "lockfileVersion": 1,
  "requires": true,
  "dependencies": {
    "@types/jquery": {
      "version": "3.2.16",
      "resolved": "https://registry.npmjs.org/@types/jquery/-/jquery-3.2.16.tgz",
      "integrity": "sha512-q2WC02YxQoX2nY1HRKlYGHpGP1saPmD7GN0pwCDlTz35a4eOtJG+aHRlXyjCuXokUukSrR2aXyBhSW3j+jPc0A==",
      "dev": true
    },
    "@types/jquery.ui.layout": {
      "version": "0.0.29",
      "resolved": "https://registry.npmjs.org/@types/jquery.ui.layout/-/jquery.ui.layout-0.0.29.tgz",
      "integrity": "sha512-onIdkRRSaEZrIovBuRK1/D+MseVajBycRCQtVBUXvoQ1OyjBPmK/SBuW6pvdRWLVlR0jImgkRCaefvNx49X87g==",
      "dev": true,
      "requires": {
        "@types/jquery": "3.2.16",
        "@types/jqueryui": "1.11.37"
      }
    },
    "@types/jqueryui": {
      "version": "1.11.37",
      "resolved": "https://registry.npmjs.org/@types/jqueryui/-/jqueryui-1.11.37.tgz",
      "integrity": "sha512-aKT7dOhxYTTkLS43q5miBeuRpfyh916sgI7m/6EJJvJR6j36e5eRORONZyzD5twTLMdMw6uYR7vqhreIHps9tw==",
      "dev": true,
      "requires": {
        "@types/jquery": "3.2.16"
      }
    }
  }
}
